
Microsoft Visual Studio Solution File, Format Version 12.00
# Visual Studio Version 17
VisualStudioVersion = 17.6.33829.357
MinimumVisualStudioVersion = 10.0.40219.1
Project("{FAE04EC0-301F-11D3-BF4B-00C04F79EFBC}") = "ACHGenerator", "ACHGenerator\ACHGenerator.csproj", "{12EAC40F-BC68-4572-8094-36CFCCD33C03}"
EndProject
Global
	GlobalSection(SolutionConfigurationPlatforms) = preSolution
		Debug|Any CPU = Debug|Any CPU
		Release|Any CPU = Release|Any CPU
	EndGlobalSection
	GlobalSection(ProjectConfigurationPlatforms) = postSolution
		{12EAC40F-BC68-4572-8094-36CFCCD33C03}.Debug|Any CPU.ActiveCfg = Debug|Any CPU
		{12EAC40F-BC68-4572-8094-36CFCCD33C03}.Debug|Any CPU.Build.0 = Debug|Any CPU
		{12EAC40F-BC68-4572-8094-36CFCCD33C03}.Release|Any CPU.ActiveCfg = Release|Any CPU
		{12EAC40F-BC68-4572-8094-36CFCCD33C03}.Release|Any CPU.Build.0 = Release|Any CPU
	EndGlobalSection
	GlobalSection(SolutionProperties) = preSolution
		HideSolutionNode = FALSE
	EndGlobalSection
	GlobalSection(ExtensibilityGlobals) = postSolution
		SolutionGuid = {81857039-F7EC-4FE4-9753-DA1E5EA37CAC}
	EndGlobalSection
EndGlobal
